<Solution Description="Visual Studio slnx file generated by Premake" Version="1.4">
  <Configurations>
    <BuildType Name="Release" />
    <Platform Name="x64" />
  </Configurations>
  <Project Path="lua.vcxproj" Id="C78D880B-3397-887C-BC12-9F7C281B947C">
  </Project>
  <Project Path="lua_exe.vcxproj" Id="C8EE4D95-34CE-CC30-3DE6-5707A9443392">
    <BuildDependency Project="lua.vcxproj" />
  </Project>
  <Project Path="lua_static.vcxproj" Id="6E7A7C51-5A32-BE9E-C339-97FAAF10598F">
  </Project>
  <Project Path="luac_exe.vcxproj" Id="8B91503F-775E-AB4A-A077-99F28CA3E0D8">
    <BuildDependency Project="lua_static.vcxproj" />
  </Project>
</Solution>